
Microsoft Visual Studio Solution File, Format Version 12.00
# Visual Studio 15
VisualStudioVersion = 15.0.27130.2036
MinimumVisualStudioVersion = 10.0.40219.1
Project("{FAE04EC0-301F-11D3-BF4B-00C04F79EFBC}") = "Aplicacao.Testes", "Aplicacao.Testes\Aplicacao.Testes.csproj", "{DF9DFBA7-7817-4FC7-95BD-D9FCB18F5A40}"
EndProject
Project("{FAE04EC0-301F-11D3-BF4B-00C04F79EFBC}") = "Aplicacao.Loja", "Aplicacao.Loja\Aplicacao.Loja.csproj", "{C415E354-33B9-4371-9CFC-068077F55715}"
EndProject
Project("{FAE04EC0-301F-11D3-BF4B-00C04F79EFBC}") = "Aplicacao.Dados", "Aplicacao.Dados\Aplicacao.Dados.csproj", "{5CE3A403-B8EC-4BBF-942D-4CA10737F8C0}"
EndProject
Project("{FAE04EC0-301F-11D3-BF4B-00C04F79EFBC}") = "Aplicacao.Console", "Aplicacao.Console\Aplicacao.Console.csproj", "{DC79A57D-F9CA-4EBC-8A42-CB08372AF015}"
EndProject
Project("{FAE04EC0-301F-11D3-BF4B-00C04F79EFBC}") = "Aplicacao.Apresentacao", "Aplicacao.Apresentacao\Aplicacao.Apresentacao.csproj", "{C4778D68-FEDC-4469-9816-3DCABCCBA0D1}"
EndProject
Global
	GlobalSection(SolutionConfigurationPlatforms) = preSolution
		Debug|Any CPU = Debug|Any CPU
		Release|Any CPU = Release|Any CPU
	EndGlobalSection
	GlobalSection(ProjectConfigurationPlatforms) = postSolution
		{DF9DFBA7-7817-4FC7-95BD-D9FCB18F5A40}.Debug|Any CPU.ActiveCfg = Debug|Any CPU
		{DF9DFBA7-7817-4FC7-95BD-D9FCB18F5A40}.Debug|Any CPU.Build.0 = Debug|Any CPU
		{DF9DFBA7-7817-4FC7-95BD-D9FCB18F5A40}.Release|Any CPU.ActiveCfg = Release|Any CPU
		{DF9DFBA7-7817-4FC7-95BD-D9FCB18F5A40}.Release|Any CPU.Build.0 = Release|Any CPU
		{C415E354-33B9-4371-9CFC-068077F55715}.Debug|Any CPU.ActiveCfg = Debug|Any CPU
		{C415E354-33B9-4371-9CFC-068077F55715}.Debug|Any CPU.Build.0 = Debug|Any CPU
		{C415E354-33B9-4371-9CFC-068077F55715}.Release|Any CPU.ActiveCfg = Release|Any CPU
		{C415E354-33B9-4371-9CFC-068077F55715}.Release|Any CPU.Build.0 = Release|Any CPU
		{5CE3A403-B8EC-4BBF-942D-4CA10737F8C0}.Debug|Any CPU.ActiveCfg = Debug|Any CPU
		{5CE3A403-B8EC-4BBF-942D-4CA10737F8C0}.Debug|Any CPU.Build.0 = Debug|Any CPU
		{5CE3A403-B8EC-4BBF-942D-4CA10737F8C0}.Release|Any CPU.ActiveCfg = Release|Any CPU
		{5CE3A403-B8EC-4BBF-942D-4CA10737F8C0}.Release|Any CPU.Build.0 = Release|Any CPU
		{DC79A57D-F9CA-4EBC-8A42-CB08372AF015}.Debug|Any CPU.ActiveCfg = Debug|Any CPU
		{DC79A57D-F9CA-4EBC-8A42-CB08372AF015}.Debug|Any CPU.Build.0 = Debug|Any CPU
		{DC79A57D-F9CA-4EBC-8A42-CB08372AF015}.Release|Any CPU.ActiveCfg = Release|Any CPU
		{DC79A57D-F9CA-4EBC-8A42-CB08372AF015}.Release|Any CPU.Build.0 = Release|Any CPU
		{C4778D68-FEDC-4469-9816-3DCABCCBA0D1}.Debug|Any CPU.ActiveCfg = Debug|Any CPU
		{C4778D68-FEDC-4469-9816-3DCABCCBA0D1}.Debug|Any CPU.Build.0 = Debug|Any CPU
		{C4778D68-FEDC-4469-9816-3DCABCCBA0D1}.Release|Any CPU.ActiveCfg = Release|Any CPU
		{C4778D68-FEDC-4469-9816-3DCABCCBA0D1}.Release|Any CPU.Build.0 = Release|Any CPU
	EndGlobalSection
	GlobalSection(SolutionProperties) = preSolution
		HideSolutionNode = FALSE
	EndGlobalSection
	GlobalSection(ExtensibilityGlobals) = postSolution
		SolutionGuid = {3125ED8C-438E-44B7-B36F-CE93DC2964DC}
	EndGlobalSection
EndGlobal
